
Microsoft Visual Studio Solution File, Format Version 12.00
# Visual Studio Version 17
VisualStudioVersion = 17.0.31903.59
MinimumVisualStudioVersion = 10.0.40219.1
Project("{2150E333-8FDC-42A3-9474-1A3956D46DE8}") = "src", "src", "{F01923B0-6F84-4E26-907B-C8F7250D40CB}"
EndProject
Project("{FAE04EC0-301F-11D3-BF4B-00C04F79EFBC}") = "AccountService.API", "src\AccountService.API\AccountService.API.csproj", "{0D262638-4024-4BAA-A473-B8FFECFF4DEB}"
EndProject
Project("{FAE04EC0-301F-11D3-BF4B-00C04F79EFBC}") = "AccountService.Application", "src\AccountService.Application\AccountService.Application.csproj", "{E870BD21-A155-4F0F-B33D-4F0B3D08A070}"
EndProject
Project("{FAE04EC0-301F-11D3-BF4B-00C04F79EFBC}") = "AccountService.Domain", "src\AccountService.Domain\AccountService.Domain.csproj", "{3C4C6EB0-59FA-4C53-ACF1-2735FC773A23}"
EndProject
Project("{FAE04EC0-301F-11D3-BF4B-00C04F79EFBC}") = "AccountService.Infrastructure", "src\AccountService.Infrastructure\AccountService.Infrastructure.csproj", "{7E2E47FD-014A-4BD2-A535-87F548827310}"
EndProject
Project("{FAE04EC0-301F-11D3-BF4B-00C04F79EFBC}") = "AccountService.Contracts", "src\AccountService.Contracts\AccountService.Contracts.csproj", "{37B57028-379B-4422-A33D-C4D463AFD3F1}"
EndProject
Global
	GlobalSection(SolutionConfigurationPlatforms) = preSolution
		Debug|Any CPU = Debug|Any CPU
		Release|Any CPU = Release|Any CPU
	EndGlobalSection
	GlobalSection(SolutionProperties) = preSolution
		HideSolutionNode = FALSE
	EndGlobalSection
	GlobalSection(ProjectConfigurationPlatforms) = postSolution
		{0D262638-4024-4BAA-A473-B8FFECFF4DEB}.Debug|Any CPU.ActiveCfg = Debug|Any CPU
		{0D262638-4024-4BAA-A473-B8FFECFF4DEB}.Debug|Any CPU.Build.0 = Debug|Any CPU
		{0D262638-4024-4BAA-A473-B8FFECFF4DEB}.Release|Any CPU.ActiveCfg = Release|Any CPU
		{0D262638-4024-4BAA-A473-B8FFECFF4DEB}.Release|Any CPU.Build.0 = Release|Any CPU
		{E870BD21-A155-4F0F-B33D-4F0B3D08A070}.Debug|Any CPU.ActiveCfg = Debug|Any CPU
		{E870BD21-A155-4F0F-B33D-4F0B3D08A070}.Debug|Any CPU.Build.0 = Debug|Any CPU
		{E870BD21-A155-4F0F-B33D-4F0B3D08A070}.Release|Any CPU.ActiveCfg = Release|Any CPU
		{E870BD21-A155-4F0F-B33D-4F0B3D08A070}.Release|Any CPU.Build.0 = Release|Any CPU
		{3C4C6EB0-59FA-4C53-ACF1-2735FC773A23}.Debug|Any CPU.ActiveCfg = Debug|Any CPU
		{3C4C6EB0-59FA-4C53-ACF1-2735FC773A23}.Debug|Any CPU.Build.0 = Debug|Any CPU
		{3C4C6EB0-59FA-4C53-ACF1-2735FC773A23}.Release|Any CPU.ActiveCfg = Release|Any CPU
		{3C4C6EB0-59FA-4C53-ACF1-2735FC773A23}.Release|Any CPU.Build.0 = Release|Any CPU
		{7E2E47FD-014A-4BD2-A535-87F548827310}.Debug|Any CPU.ActiveCfg = Debug|Any CPU
		{7E2E47FD-014A-4BD2-A535-87F548827310}.Debug|Any CPU.Build.0 = Debug|Any CPU
		{7E2E47FD-014A-4BD2-A535-87F548827310}.Release|Any CPU.ActiveCfg = Release|Any CPU
		{7E2E47FD-014A-4BD2-A535-87F548827310}.Release|Any CPU.Build.0 = Release|Any CPU
		{37B57028-379B-4422-A33D-C4D463AFD3F1}.Debug|Any CPU.ActiveCfg = Debug|Any CPU
		{37B57028-379B-4422-A33D-C4D463AFD3F1}.Debug|Any CPU.Build.0 = Debug|Any CPU
		{37B57028-379B-4422-A33D-C4D463AFD3F1}.Release|Any CPU.ActiveCfg = Release|Any CPU
		{37B57028-379B-4422-A33D-C4D463AFD3F1}.Release|Any CPU.Build.0 = Release|Any CPU
	EndGlobalSection
	GlobalSection(NestedProjects) = preSolution
		{0D262638-4024-4BAA-A473-B8FFECFF4DEB} = {F01923B0-6F84-4E26-907B-C8F7250D40CB}
		{E870BD21-A155-4F0F-B33D-4F0B3D08A070} = {F01923B0-6F84-4E26-907B-C8F7250D40CB}
		{3C4C6EB0-59FA-4C53-ACF1-2735FC773A23} = {F01923B0-6F84-4E26-907B-C8F7250D40CB}
		{7E2E47FD-014A-4BD2-A535-87F548827310} = {F01923B0-6F84-4E26-907B-C8F7250D40CB}
		{37B57028-379B-4422-A33D-C4D463AFD3F1} = {F01923B0-6F84-4E26-907B-C8F7250D40CB}
	EndGlobalSection
EndGlobal
